Microsoft Visual Studio Solution File, Format Version 8.00
Project("{FAE04EC0-301F-11D3-BF4B-00C04F79EFBC}") = "IssueManager", "http://localhost/IssueManager/IssueManager.csproj", "{959089E5-A3EE-4E31-9781-6D98BBF1443D}"
	ProjectSection(ProjectDependencies) = postProject
	EndProjectSection
EndProject
Global
	GlobalSection(SolutionConfiguration) = preSolution
		Debug = Debug
		Release = Release
	EndGlobalSection
	GlobalSection(ProjectConfiguration) = postSolution
		{959089E5-A3EE-4E31-9781-6D98BBF1443D}.Debug.ActiveCfg = Debug|.NET
		{959089E5-A3EE-4E31-9781-6D98BBF1443D}.Debug.Build.0 = Debug|.NET
		{959089E5-A3EE-4E31-9781-6D98BBF1443D}.Release.ActiveCfg = Release|.NET
		{959089E5-A3EE-4E31-9781-6D98BBF1443D}.Release.Build.0 = Release|.NET
	EndGlobalSection
	GlobalSection(ExtensibilityGlobals) = postSolution
	EndGlobalSection
	GlobalSection(ExtensibilityAddIns) = postSolution
	EndGlobalSection
EndGlobal
