Microsoft Visual Studio Solution File, Format Version 12.00
# Visual Studio 2013
VisualStudioVersion = 12.0.21005.1
MinimumVisualStudioVersion = 10.0.40219.1
Project("{E24C65DC-7377-472B-9ABA-BC803B73C61A}") = "IssueManager", "http://localhost/IssueManager/IssueManager.csproj", "{959089E5-A3EE-4E31-9781-6D98BBF1443D}"
EndProject
Global
	GlobalSection(SolutionConfigurationPlatforms) = preSolution
		Debug|Default = Debug|Default
		Release|Default = Release|Default
	EndGlobalSection
	GlobalSection(ProjectConfigurationPlatforms) = postSolution
		{959089E5-A3EE-4E31-9781-6D98BBF1443D}.Debug|Default.ActiveCfg = Debug|.NET
		{959089E5-A3EE-4E31-9781-6D98BBF1443D}.Debug|Default.Build.0 = Debug|.NET
		{959089E5-A3EE-4E31-9781-6D98BBF1443D}.Release|Default.ActiveCfg = Release|.NET
		{959089E5-A3EE-4E31-9781-6D98BBF1443D}.Release|Default.Build.0 = Release|.NET
	EndGlobalSection
	GlobalSection(SolutionProperties) = preSolution
		HideSolutionNode = FALSE
	EndGlobalSection
EndGlobal
